
Microsoft Visual Studio Solution File, Format Version 12.00
# Visual Studio Version 17
VisualStudioVersion = 17.8.34330.188
MinimumVisualStudioVersion = 10.0.40219.1
Project("{FAE04EC0-301F-11D3-BF4B-00C04F79EFBC}") = "WcfChat", "WcfChat\WcfChat.csproj", "{B243BBE2-B501-48DA-9332-1457D184AF34}"
EndProject
Global
	GlobalSection(SolutionConfigurationPlatforms) = preSolution
		Debug|Any CPU = Debug|Any CPU
		Release|Any CPU = Release|Any CPU
	EndGlobalSection
	GlobalSection(ProjectConfigurationPlatforms) = postSolution
		{B243BBE2-B501-48DA-9332-1457D184AF34}.Debug|Any CPU.ActiveCfg = Debug|Any CPU
		{B243BBE2-B501-48DA-9332-1457D184AF34}.Debug|Any CPU.Build.0 = Debug|Any CPU
		{B243BBE2-B501-48DA-9332-1457D184AF34}.Release|Any CPU.ActiveCfg = Release|Any CPU
		{B243BBE2-B501-48DA-9332-1457D184AF34}.Release|Any CPU.Build.0 = Release|Any CPU
	EndGlobalSection
	GlobalSection(SolutionProperties) = preSolution
		HideSolutionNode = FALSE
	EndGlobalSection
	GlobalSection(ExtensibilityGlobals) = postSolution
		SolutionGuid = {CAE8D41D-1DD6-492D-B604-1E8F8C214A8E}
	EndGlobalSection
EndGlobal
